// !$*UTF8*$!
{
	archiveVersion = 1;
	classes = {
	};
	objectVersion = 56;
	objects = {

/* Begin PBXBuildFile section */
		DE83AFE12AACF81C009B2449 /* InkSwiftiOSExampleApp.swift in Sources */ = {isa = PBXBuildFile; fileRef = DE83AFE02AACF81C009B2449 /* InkSwiftiOSExampleApp.swift */; };
		DE83AFE32AACF81C009B2449 /* ContentView.swift in Sources */ = {isa = PBXBuildFile; fileRef = DE83AFE22AACF81C009B2449 /* ContentView.swift */; };
		DE83AFE52AACF81F009B2449 /* Assets.xcassets in Resources */ = {isa = PBXBuildFile; fileRef = DE83AFE42AACF81F009B2449 /* Assets.xcassets */; };
		DE83AFE82AACF81F009B2449 /* Preview Assets.xcassets in Resources */ = {isa = PBXBuildFile; fileRef = DE83AFE72AACF81F009B2449 /* Preview Assets.xcassets */; };
		DE83AFF02AACF84C009B2449 /* InkSwift in Frameworks */ = {isa = PBXBuildFile; productRef = DE83AFEF2AACF84C009B2449 /* InkSwift */; };
		DE83AFF22AACF95C009B2449 /* test.ink.json in Resources */ = {isa = PBXBuildFile; fileRef = DE83AFF12AACF95C009B2449 /* test.ink.json */; };
		DE83AFF42AACF967009B2449 /* test.ink in Resources */ = {isa = PBXBuildFile; fileRef = DE83AFF32AACF966009B2449 /* test.ink */; };
/* End PBXBuildFile section */

/* Begin PBXFileReference section */
		DE83AFDD2AACF81C009B2449 /* InkSwiftiOSExample.app */ = {isa = PBXFileReference; explicitFileType = wrapper.application; includeInIndex = 0; path = InkSwiftiOSExample.app; sourceTree = BUILT_PRODUCTS_DIR; };
		DE83AFE02AACF81C009B2449 /* InkSwiftiOSExampleApp.swift */ = {isa = PBXFileReference; lastKnownFileType = sourcecode.swift; path = InkSwiftiOSExampleApp.swift; sourceTree = "<group>"; };
		DE83AFE22AACF81C009B2449 /* ContentView.swift */ = {isa = PBXFileReference; lastKnownFileType = sourcecode.swift; path = ContentView.swift; sourceTree = "<group>"; };
		DE83AFE42AACF81F009B2449 /* Assets.xcassets */ = {isa = PBXFileReference; lastKnownFileType = folder.assetcatalog; path = Assets.xcassets; sourceTree = "<group>"; };
		DE83AFE72AACF81F009B2449 /* Preview Assets.xcassets */ = {isa = PBXFileReference; lastKnownFileType = folder.assetcatalog; path = "Preview Assets.xcassets"; sourceTree = "<group>"; };
		DE83AFF12AACF95C009B2449 /* test.ink.json */ = {isa = PBXFileReference; fileEncoding = 4; lastKnownFileType = text.json; path = test.ink.json; sourceTree = "<group>"; };
		DE83AFF32AACF966009B2449 /* test.ink */ = {isa = PBXFileReference; fileEncoding = 4; lastKnownFileType = text; path = test.ink; sourceTree = "<group>"; };
/* End PBXFileReference section */

/* Begin PBXFrameworksBuildPhase section */
		DE83AFDA2AACF81C009B2449 /* Frameworks */ = {
			isa = PBXFrameworksBuildPhase;
			buildActionMask = 2147483647;
			files = (
				DE83AFF02AACF84C009B2449 /* InkSwift in Frameworks */,
			);
			runOnlyForDeploymentPostprocessing = 0;
		};
/* End PBXFrameworksBuildPhase section */

/* Begin PBXGroup section */
		DE83AFD42AACF81C009B2449 = {
			isa = PBXGroup;
			children = (
				DE83AFDF2AACF81C009B2449 /* InkSwiftiOSExample */,
				DE83AFDE2AACF81C009B2449 /* Products */,
			);
			sourceTree = "<group>";
		};
		DE83AFDE2AACF81C009B2449 /* Products */ = {
			isa = PBXGroup;
			children = (
				DE83AFDD2AACF81C009B2449 /* InkSwiftiOSExample.app */,
			);
			name = Products;
			sourceTree = "<group>";
		};
		DE83AFDF2AACF81C009B2449 /* InkSwiftiOSExample */ = {
			isa = PBXGroup;
			children = (
				DE83AFF32AACF966009B2449 /* test.ink */,
				DE83AFF12AACF95C009B2449 /* test.ink.json */,
				DE83AFE02AACF81C009B2449 /* InkSwiftiOSExampleApp.swift */,
				DE83AFE22AACF81C009B2449 /* ContentView.swift */,
				DE83AFE42AACF81F009B2449 /* Assets.xcassets */,
				DE83AFE62AACF81F009B2449 /* Preview Content */,
			);
			path = InkSwiftiOSExample;
			sourceTree = "<group>";
		};
		DE83AFE62AACF81F009B2449 /* Preview Content */ = {
			isa = PBXGroup;
			children = (
				DE83AFE72AACF81F009B2449 /* Preview Assets.xcassets */,
			);
			path = "Preview Content";
			sourceTree = "<group>";
		};
/* End PBXGroup section */

/* Begin PBXNativeTarget section */
		DE83AFDC2AACF81C009B2449 /* InkSwiftiOSExample */ = {
			isa = PBXNativeTarget;
			buildConfigurationList = DE83AFEB2AACF81F009B2449 /* Build configuration list for PBXNativeTarget "InkSwiftiOSExample" */;
			buildPhases = (
				DE83AFD92AACF81C009B2449 /* Sources */,
				DE83AFDA2AACF81C009B2449 /* Frameworks */,
				DE83AFDB2AACF81C009B2449 /* Resources */,
			);
			buildRules = (
			);
			dependencies = (
			);
			name = InkSwiftiOSExample;
			packageProductDependencies = (
				DE83AFEF2AACF84C009B2449 /* InkSwift */,
			);
			productName = InkSwiftiOSExample;
			productReference = DE83AFDD2AACF81C009B2449 /* InkSwiftiOSExample.app */;
			productType = "com.apple.product-type.application";
		};
/* End PBXNativeTarget section */

/* Begin PBXProject section */
		DE83AFD52AACF81C009B2449 /* Project object */ = {
			isa = PBXProject;
			attributes = {
				BuildIndependentTargetsInParallel = 1;
				LastSwiftUpdateCheck = 1430;
				LastUpgradeCheck = 1430;
				TargetAttributes = {
					DE83AFDC2AACF81C009B2449 = {
						CreatedOnToolsVersion = 14.3.1;
					};
				};
			};
			buildConfigurationList = DE83AFD82AACF81C009B2449 /* Build configuration list for PBXProject "InkSwiftiOSExample" */;
			compatibilityVersion = "Xcode 14.0";
			developmentRegion = en;
			hasScannedForEncodings = 0;
			knownRegions = (
				en,
				Base,
			);
			mainGroup = DE83AFD42AACF81C009B2449;
			packageReferences = (
				DE83AFEE2AACF84C009B2449 /* XCRemoteSwiftPackageReference "InkSwift" */,
			);
			productRefGroup = DE83AFDE2AACF81C009B2449 /* Products */;
			projectDirPath = "";
			projectRoot = "";
			targets = (
				DE83AFDC2AACF81C009B2449 /* InkSwiftiOSExample */,
			);
		};
/* End PBXProject section */

/* Begin PBXResourcesBuildPhase section */
		DE83AFDB2AACF81C009B2449 /* Resources */ = {
			isa = PBXResourcesBuildPhase;
			buildActionMask = 2147483647;
			files = (
				DE83AFF42AACF967009B2449 /* test.ink in Resources */,
				DE83AFE82AACF81F009B2449 /* Preview Assets.xcassets in Resources */,
				DE83AFE52AACF81F009B2449 /* Assets.xcassets in Resources */,
				DE83AFF22AACF95C009B2449 /* test.ink.json in Resources */,
			);
			runOnlyForDeploymentPostprocessing = 0;
		};
/* End PBXResourcesBuildPhase section */

/* Begin PBXSourcesBuildPhase section */
		DE83AFD92AACF81C009B2449 /* Sources */ = {
			isa = PBXSourcesBuildPhase;
			buildActionMask = 2147483647;
			files = (
				DE83AFE32AACF81C009B2449 /* ContentView.swift in Sources */,
				DE83AFE12AACF81C009B2449 /* InkSwiftiOSExampleApp.swift in Sources */,
			);
			runOnlyForDeploymentPostprocessing = 0;
		};
/* End PBXSourcesBuildPhase section */

/* Begin XCBuildConfiguration section */
		DE83AFE92AACF81F009B2449 /* Debug */ = {
			isa = XCBuildConfiguration;
			buildSettings = {
				ALWAYS_SEARCH_USER_PATHS = NO;
				CLANG_ANALYZER_NONNULL = YES;
				CLANG_ANALYZER_NUMBER_OBJECT_CONVERSION = YES_AGGRESSIVE;
				CLANG_CXX_LANGUAGE_STANDARD = "gnu++20";
				CLANG_ENABLE_MODULES = YES;
				CLANG_ENABLE_OBJC_ARC = YES;
				CLANG_ENABLE_OBJC_WEAK = YES;
				CLANG_WARN_BLOCK_CAPTURE_AUTORELEASING = YES;
				CLANG_WARN_BOOL_CONVERSION = YES;
				CLANG_WARN_COMMA = YES;
				CLANG_WARN_CONSTANT_CONVERSION = YES;
				CLANG_WARN_DEPRECATED_OBJC_IMPLEMENTATIONS = YES;
				CLANG_WARN_DIRECT_OBJC_ISA_USAGE = YES_ERROR;
				CLANG_WARN_DOCUMENTATION_COMMENTS = YES;
				CLANG_WARN_EMPTY_BODY = YES;
				CLANG_WARN_ENUM_CONVERSION = YES;
				CLANG_WARN_INFINITE_RECURSION = YES;
				CLANG_WARN_INT_CONVERSION = YES;
				CLANG_WARN_NON_LITERAL_NULL_CONVERSION = YES;
				CLANG_WARN_OBJC_IMPLICIT_RETAIN_SELF = YES;
				CLANG_WARN_OBJC_LITERAL_CONVERSION = YES;
				CLANG_WARN_OBJC_ROOT_CLASS = YES_ERROR;
				CLANG_WARN_QUOTED_INCLUDE_IN_FRAMEWORK_HEADER = YES;
				CLANG_WARN_RANGE_LOOP_ANALYSIS = YES;
				CLANG_WARN_STRICT_PROTOTYPES = YES;
				CLANG_WARN_SUSPICIOUS_MOVE = YES;
				CLANG_WARN_UNGUARDED_AVAILABILITY = YES_AGGRESSIVE;
				CLANG_WARN_UNREACHABLE_CODE = YES;
				CLANG_WARN__DUPLICATE_METHOD_MATCH = YES;
				COPY_PHASE_STRIP = NO;
				DEBUG_INFORMATION_FORMAT = dwarf;
				ENABLE_STRICT_OBJC_MSGSEND = YES;
				ENABLE_TESTABILITY = YES;
				GCC_C_LANGUAGE_STANDARD = gnu11;
				GCC_DYNAMIC_NO_PIC = NO;
				GCC_NO_COMMON_BLOCKS = YES;
				GCC_OPTIMIZATION_LEVEL = 0;
				GCC_PREPROCESSOR_DEFINITIONS = (
					"DEBUG=1",
					"$(inherited)",
				);
				GCC_WARN_64_TO_32_BIT_CONVERSION = YES;
				GCC_WARN_ABOUT_RETURN_TYPE = YES_ERROR;
				GCC_WARN_UNDECLARED_SELECTOR = YES;
				GCC_WARN_UNINITIALIZED_AUTOS = YES_AGGRESSIVE;
				GCC_WARN_UNUSED_FUNCTION = YES;
				GCC_WARN_UNUSED_VARIABLE = YES;
				IPHONEOS_DEPLOYMENT_TARGET = 16.4;
				MTL_ENABLE_DEBUG_INFO = INCLUDE_SOURCE;
				MTL_FAST_MATH = YES;
				ONLY_ACTIVE_ARCH = YES;
				SDKROOT = iphoneos;
				SWIFT_ACTIVE_COMPILATION_CONDITIONS = DEBUG;
				SWIFT_OPTIMIZATION_LEVEL = "-Onone";
			};
			name = Debug;
		};
		DE83AFEA2AACF81F009B2449 /* Release */ = {
			isa = XCBuildConfiguration;
			buildSettings = {
				ALWAYS_SEARCH_USER_PATHS = NO;
				CLANG_ANALYZER_NONNULL = YES;
				CLANG_ANALYZER_NUMBER_OBJECT_CONVERSION = YES_AGGRESSIVE;
				CLANG_CXX_LANGUAGE_STANDARD = "gnu++20";
				CLANG_ENABLE_MODULES = YES;
				CLANG_ENABLE_OBJC_ARC = YES;
				CLANG_ENABLE_OBJC_WEAK = YES;
				CLANG_WARN_BLOCK_CAPTURE_AUTORELEASING = YES;
				CLANG_WARN_BOOL_CONVERSION = YES;
				CLANG_WARN_COMMA = YES;
				CLANG_WARN_CONSTANT_CONVERSION = YES;
				CLANG_WARN_DEPRECATED_OBJC_IMPLEMENTATIONS = YES;
				CLANG_WARN_DIRECT_OBJC_ISA_USAGE = YES_ERROR;
				CLANG_WARN_DOCUMENTATION_COMMENTS = YES;
				CLANG_WARN_EMPTY_BODY = YES;
				CLANG_WARN_ENUM_CONVERSION = YES;
				CLANG_WARN_INFINITE_RECURSION = YES;
				CLANG_WARN_INT_CONVERSION = YES;
				CLANG_WARN_NON_LITERAL_NULL_CONVERSION = YES;
				CLANG_WARN_OBJC_IMPLICIT_RETAIN_SELF = YES;
				CLANG_WARN_OBJC_LITERAL_CONVERSION = YES;
				CLANG_WARN_OBJC_ROOT_CLASS = YES_ERROR;
				CLANG_WARN_QUOTED_INCLUDE_IN_FRAMEWORK_HEADER = YES;
				CLANG_WARN_RANGE_LOOP_ANALYSIS = YES;
				CLANG_WARN_STRICT_PROTOTYPES = YES;
				CLANG_WARN_SUSPICIOUS_MOVE = YES;
				CLANG_WARN_UNGUARDED_AVAILABILITY = YES_AGGRESSIVE;
				CLANG_WARN_UNREACHABLE_CODE = YES;
				CLANG_WARN__DUPLICATE_METHOD_MATCH = YES;
				COPY_PHASE_STRIP = NO;
				DEBUG_INFORMATION_FORMAT = "dwarf-with-dsym";
				ENABLE_NS_ASSERTIONS = NO;
				ENABLE_STRICT_OBJC_MSGSEND = YES;
				GCC_C_LANGUAGE_STANDARD = gnu11;
				GCC_NO_COMMON_BLOCKS = YES;
				GCC_WARN_64_TO_32_BIT_CONVERSION = YES;
				GCC_WARN_ABOUT_RETURN_TYPE = YES_ERROR;
				GCC_WARN_UNDECLARED_SELECTOR = YES;
				GCC_WARN_UNINITIALIZED_AUTOS = YES_AGGRESSIVE;
				GCC_WARN_UNUSED_FUNCTION = YES;
				GCC_WARN_UNUSED_VARIABLE = YES;
				IPHONEOS_DEPLOYMENT_TARGET = 16.4;
				MTL_ENABLE_DEBUG_INFO = NO;
				MTL_FAST_MATH = YES;
				SDKROOT = iphoneos;
				SWIFT_COMPILATION_MODE = wholemodule;
				SWIFT_OPTIMIZATION_LEVEL = "-O";
				VALIDATE_PRODUCT = YES;
			};
			name = Release;
		};
		DE83AFEC2AACF81F009B2449 /* Debug */ = {
			isa = XCBuildConfiguration;
			buildSettings = {
				ASSETCATALOG_COMPILER_APPICON_NAME = AppIcon;
				ASSETCATALOG_COMPILER_GLOBAL_ACCENT_COLOR_NAME = AccentColor;
				CODE_SIGN_STYLE = Automatic;
				CURRENT_PROJECT_VERSION = 1;
				DEVELOPMENT_ASSET_PATHS = "\"InkSwiftiOSExample/Preview Content\"";
				DEVELOPMENT_TEAM = ZXW8GTM6FG;
				ENABLE_PREVIEWS = YES;
				GENERATE_INFOPLIST_FILE = YES;
				INFOPLIST_KEY_UIApplicationSceneManifest_Generation = YES;
				INFOPLIST_KEY_UIApplicationSupportsIndirectInputEvents = YES;
				INFOPLIST_KEY_UILaunchScreen_Generation = YES;
				INFOPLIST_KEY_UISupportedInterfaceOrientations_iPad = "UIInterfaceOrientationPortrait UIInterfaceOrientationPortraitUpsideDown UIInterfaceOrientationLandscapeLeft UIInterfaceOrientationLandscapeRight";
				INFOPLIST_KEY_UISupportedInterfaceOrientations_iPhone = "UIInterfaceOrientationPortrait UIInterfaceOrientationLandscapeLeft UIInterfaceOrientationLandscapeRight";
				LD_RUNPATH_SEARCH_PATHS = (
					"$(inherited)",
					"@executable_path/Frameworks",
				);
				MARKETING_VERSION = 1.0;
				PRODUCT_BUNDLE_IDENTIFIER = eu.thedreamweb.InkSwiftiOSExample;
				PRODUCT_NAME = "$(TARGET_NAME)";
				SWIFT_EMIT_LOC_STRINGS = YES;
				SWIFT_VERSION = 5.0;
				TARGETED_DEVICE_FAMILY = "1,2";
			};
			name = Debug;
		};
		DE83AFED2AACF81F009B2449 /* Release */ = {
			isa = XCBuildConfiguration;
			buildSettings = {
				ASSETCATALOG_COMPILER_APPICON_NAME = AppIcon;
				ASSETCATALOG_COMPILER_GLOBAL_ACCENT_COLOR_NAME = AccentColor;
				CODE_SIGN_STYLE = Automatic;
				CURRENT_PROJECT_VERSION = 1;
				DEVELOPMENT_ASSET_PATHS = "\"InkSwiftiOSExample/Preview Content\"";
				DEVELOPMENT_TEAM = ZXW8GTM6FG;
				ENABLE_PREVIEWS = YES;
				GENERATE_INFOPLIST_FILE = YES;
				INFOPLIST_KEY_UIApplicationSceneManifest_Generation = YES;
				INFOPLIST_KEY_UIApplicationSupportsIndirectInputEvents = YES;
				INFOPLIST_KEY_UILaunchScreen_Generation = YES;
				INFOPLIST_KEY_UISupportedInterfaceOrientations_iPad = "UIInterfaceOrientationPortrait UIInterfaceOrientationPortraitUpsideDown UIInterfaceOrientationLandscapeLeft UIInterfaceOrientationLandscapeRight";
				INFOPLIST_KEY_UISupportedInterfaceOrientations_iPhone = "UIInterfaceOrientationPortrait UIInterfaceOrientationLandscapeLeft UIInterfaceOrientationLandscapeRight";
				LD_RUNPATH_SEARCH_PATHS = (
					"$(inherited)",
					"@executable_path/Frameworks",
				);
				MARKETING_VERSION = 1.0;
				PRODUCT_BUNDLE_IDENTIFIER = eu.thedreamweb.InkSwiftiOSExample;
				PRODUCT_NAME = "$(TARGET_NAME)";
				SWIFT_EMIT_LOC_STRINGS = YES;
				SWIFT_VERSION = 5.0;
				TARGETED_DEVICE_FAMILY = "1,2";
			};
			name = Release;
		};
/* End XCBuildConfiguration section */

/* Begin XCConfigurationList section */
		DE83AFD82AACF81C009B2449 /* Build configuration list for PBXProject "InkSwiftiOSExample" */ = {
			isa = XCConfigurationList;
			buildConfigurations = (
				DE83AFE92AACF81F009B2449 /* Debug */,
				DE83AFEA2AACF81F009B2449 /* Release */,
			);
			defaultConfigurationIsVisible = 0;
			defaultConfigurationName = Release;
		};
		DE83AFEB2AACF81F009B2449 /* Build configuration list for PBXNativeTarget "InkSwiftiOSExample" */ = {
			isa = XCConfigurationList;
			buildConfigurations = (
				DE83AFEC2AACF81F009B2449 /* Debug */,
				DE83AFED2AACF81F009B2449 /* Release */,
			);
			defaultConfigurationIsVisible = 0;
			defaultConfigurationName = Release;
		};
/* End XCConfigurationList section */

/* Begin XCRemoteSwiftPackageReference section */
		DE83AFEE2AACF84C009B2449 /* XCRemoteSwiftPackageReference "InkSwift" */ = {
			isa = XCRemoteSwiftPackageReference;
			repositoryURL = "https://github.com/maartene/InkSwift.git";
			requirement = {
				kind = upToNextMajorVersion;
				minimumVersion = 2.0.0;
			};
		};
/* End XCRemoteSwiftPackageReference section */

/* Begin XCSwiftPackageProductDependency section */
		DE83AFEF2AACF84C009B2449 /* InkSwift */ = {
			isa = XCSwiftPackageProductDependency;
			package = DE83AFEE2AACF84C009B2449 /* XCRemoteSwiftPackageReference "InkSwift" */;
			productName = InkSwift;
		};
/* End XCSwiftPackageProductDependency section */
	};
	rootObject = DE83AFD52AACF81C009B2449 /* Project object */;
}
